// !$*UTF8*$!
{
	archiveVersion = 1;
	classes = {
	};
	objectVersion = 46;
	objects = {

/* Begin PBXBuildFile section */
		490032691F74D98A00CE417E /* RadiousMeter.swift in Sources */ = {isa = PBXBuildFile; fileRef = 490032671F74D98A00CE417E /* RadiousMeter.swift */; };
		4900326A1F74D98A00CE417E /* RadiousMeter.xib in Resources */ = {isa = PBXBuildFile; fileRef = 490032681F74D98A00CE417E /* RadiousMeter.xib */; };
		4900326F1F74E15100CE417E /* delambaz.gif in Resources */ = {isa = PBXBuildFile; fileRef = 4900326E1F74E15100CE417E /* delambaz.gif */; };
		490032711F74E16700CE417E /* location_pin.png in Resources */ = {isa = PBXBuildFile; fileRef = 490032701F74E16700CE417E /* location_pin.png */; };
		490032741F75285700CE417E /* Listing.swift in Sources */ = {isa = PBXBuildFile; fileRef = 490032721F75285700CE417E /* Listing.swift */; };
		490032751F75285700CE417E /* Listing.xib in Resources */ = {isa = PBXBuildFile; fileRef = 490032731F75285700CE417E /* Listing.xib */; };
		490032771F752A3400CE417E /* ProductCell.xib in Resources */ = {isa = PBXBuildFile; fileRef = 490032761F752A3400CE417E /* ProductCell.xib */; };
		490032791F753E7D00CE417E /* MenuCellHeader.xib in Resources */ = {isa = PBXBuildFile; fileRef = 490032781F753E7D00CE417E /* MenuCellHeader.xib */; };
		4900327B1F753EBB00CE417E /* BaseVCSupportingClasses.swift in Sources */ = {isa = PBXBuildFile; fileRef = 4900327A1F753EBB00CE417E /* BaseVCSupportingClasses.swift */; };
		4900327D1F7541DC00CE417E /* MenuCell.xib in Resources */ = {isa = PBXBuildFile; fileRef = 4900327C1F7541DC00CE417E /* MenuCell.xib */; };
		490BA61E1F73C8DE000B0C96 /* MenuButton.xib in Resources */ = {isa = PBXBuildFile; fileRef = 490BA61C1F73C8DE000B0C96 /* MenuButton.xib */; };
		490BA61F1F73C8DE000B0C96 /* MenuSlider.xib in Resources */ = {isa = PBXBuildFile; fileRef = 490BA61D1F73C8DE000B0C96 /* MenuSlider.xib */; };
		490BA6211F73E75B000B0C96 /* CategoryFiles.swift in Sources */ = {isa = PBXBuildFile; fileRef = 490BA6201F73E75B000B0C96 /* CategoryFiles.swift */; };
		4922B3941F72977700D2C10A /* AppDelegate.swift in Sources */ = {isa = PBXBuildFile; fileRef = 4922B3931F72977700D2C10A /* AppDelegate.swift */; };
		4922B3961F72977700D2C10A /* ViewController.swift in Sources */ = {isa = PBXBuildFile; fileRef = 4922B3951F72977700D2C10A /* ViewController.swift */; };
		4922B3991F72977700D2C10A /* Main.storyboard in Resources */ = {isa = PBXBuildFile; fileRef = 4922B3971F72977700D2C10A /* Main.storyboard */; };
		4922B39B1F72977700D2C10A /* Assets.xcassets in Resources */ = {isa = PBXBuildFile; fileRef = 4922B39A1F72977700D2C10A /* Assets.xcassets */; };
		4922B39E1F72977700D2C10A /* LaunchScreen.storyboard in Resources */ = {isa = PBXBuildFile; fileRef = 4922B39C1F72977700D2C10A /* LaunchScreen.storyboard */; };
		4922B3A91F72977700D2C10A /* DemoMenuTests.swift in Sources */ = {isa = PBXBuildFile; fileRef = 4922B3A81F72977700D2C10A /* DemoMenuTests.swift */; };
		4922B3B41F72977700D2C10A /* DemoMenuUITests.swift in Sources */ = {isa = PBXBuildFile; fileRef = 4922B3B31F72977700D2C10A /* DemoMenuUITests.swift */; };
		4922B3C31F7297AB00D2C10A /* BaseViewController.swift in Sources */ = {isa = PBXBuildFile; fileRef = 4922B3C11F7297AB00D2C10A /* BaseViewController.swift */; };
/* End PBXBuildFile section */

/* Begin PBXContainerItemProxy section */
		4922B3A51F72977700D2C10A /* PBXContainerItemProxy */ = {
			isa = PBXContainerItemProxy;
			containerPortal = 4922B3881F72977700D2C10A /* Project object */;
			proxyType = 1;
			remoteGlobalIDString = 4922B38F1F72977700D2C10A;
			remoteInfo = DemoMenu;
		};
		4922B3B01F72977700D2C10A /* PBXContainerItemProxy */ = {
			isa = PBXContainerItemProxy;
			containerPortal = 4922B3881F72977700D2C10A /* Project object */;
			proxyType = 1;
			remoteGlobalIDString = 4922B38F1F72977700D2C10A;
			remoteInfo = DemoMenu;
		};
/* End PBXContainerItemProxy section */

/* Begin PBXFileReference section */
		490032671F74D98A00CE417E /* RadiousMeter.swift */ = {isa = PBXFileReference; fileEncoding = 4; lastKnownFileType = sourcecode.swift; path = RadiousMeter.swift; sourceTree = "<group>"; };
		490032681F74D98A00CE417E /* RadiousMeter.xib */ = {isa = PBXFileReference; fileEncoding = 4; lastKnownFileType = file.xib; path = RadiousMeter.xib; sourceTree = "<group>"; };
		4900326E1F74E15100CE417E /* delambaz.gif */ = {isa = PBXFileReference; lastKnownFileType = image.gif; path = delambaz.gif; sourceTree = "<group>"; };
		490032701F74E16700CE417E /* location_pin.png */ = {isa = PBXFileReference; lastKnownFileType = image.png; path = location_pin.png; sourceTree = "<group>"; };
		490032721F75285700CE417E /* Listing.swift */ = {isa = PBXFileReference; fileEncoding = 4; lastKnownFileType = sourcecode.swift; path = Listing.swift; sourceTree = "<group>"; };
		490032731F75285700CE417E /* Listing.xib */ = {isa = PBXFileReference; fileEncoding = 4; lastKnownFileType = file.xib; path = Listing.xib; sourceTree = "<group>"; };
		490032761F752A3400CE417E /* ProductCell.xib */ = {isa = PBXFileReference; fileEncoding = 4; lastKnownFileType = file.xib; path = ProductCell.xib; sourceTree = "<group>"; };
		490032781F753E7D00CE417E /* MenuCellHeader.xib */ = {isa = PBXFileReference; fileEncoding = 4; lastKnownFileType = file.xib; path = MenuCellHeader.xib; sourceTree = "<group>"; };
		4900327A1F753EBB00CE417E /* BaseVCSupportingClasses.swift */ = {isa = PBXFileReference; fileEncoding = 4; lastKnownFileType = sourcecode.swift; name = BaseVCSupportingClasses.swift; path = ../BaseVCSupportingClasses.swift; sourceTree = "<group>"; };
		4900327C1F7541DC00CE417E /* MenuCell.xib */ = {isa = PBXFileReference; fileEncoding = 4; lastKnownFileType = file.xib; path = MenuCell.xib; sourceTree = "<group>"; };
		490BA61C1F73C8DE000B0C96 /* MenuButton.xib */ = {isa = PBXFileReference; fileEncoding = 4; lastKnownFileType = file.xib; path = MenuButton.xib; sourceTree = "<group>"; };
		490BA61D1F73C8DE000B0C96 /* MenuSlider.xib */ = {isa = PBXFileReference; fileEncoding = 4; lastKnownFileType = file.xib; path = MenuSlider.xib; sourceTree = "<group>"; };
		490BA6201F73E75B000B0C96 /* CategoryFiles.swift */ = {isa = PBXFileReference; fileEncoding = 4; lastKnownFileType = sourcecode.swift; path = CategoryFiles.swift; sourceTree = "<group>"; };
		4922B3901F72977700D2C10A /* DemoMenu.app */ = {isa = PBXFileReference; explicitFileType = wrapper.application; includeInIndex = 0; path = DemoMenu.app; sourceTree = BUILT_PRODUCTS_DIR; };
		4922B3931F72977700D2C10A /* AppDelegate.swift */ = {isa = PBXFileReference; lastKnownFileType = sourcecode.swift; path = AppDelegate.swift; sourceTree = "<group>"; };
		4922B3951F72977700D2C10A /* ViewController.swift */ = {isa = PBXFileReference; lastKnownFileType = sourcecode.swift; path = ViewController.swift; sourceTree = "<group>"; };
		4922B3981F72977700D2C10A /* Base */ = {isa = PBXFileReference; lastKnownFileType = file.storyboard; name = Base; path = Base.lproj/Main.storyboard; sourceTree = "<group>"; };
		4922B39A1F72977700D2C10A /* Assets.xcassets */ = {isa = PBXFileReference; lastKnownFileType = folder.assetcatalog; path = Assets.xcassets; sourceTree = "<group>"; };
		4922B39D1F72977700D2C10A /* Base */ = {isa = PBXFileReference; lastKnownFileType = file.storyboard; name = Base; path = Base.lproj/LaunchScreen.storyboard; sourceTree = "<group>"; };
		4922B39F1F72977700D2C10A /* Info.plist */ = {isa = PBXFileReference; lastKnownFileType = text.plist.xml; path = Info.plist; sourceTree = "<group>"; };
		4922B3A41F72977700D2C10A /* DemoMenuTests.xctest */ = {isa = PBXFileReference; explicitFileType = wrapper.cfbundle; includeInIndex = 0; path = DemoMenuTests.xctest; sourceTree = BUILT_PRODUCTS_DIR; };
		4922B3A81F72977700D2C10A /* DemoMenuTests.swift */ = {isa = PBXFileReference; lastKnownFileType = sourcecode.swift; path = DemoMenuTests.swift; sourceTree = "<group>"; };
		4922B3AA1F72977700D2C10A /* Info.plist */ = {isa = PBXFileReference; lastKnownFileType = text.plist.xml; path = Info.plist; sourceTree = "<group>"; };
		4922B3AF1F72977700D2C10A /* DemoMenuUITests.xctest */ = {isa = PBXFileReference; explicitFileType = wrapper.cfbundle; includeInIndex = 0; path = DemoMenuUITests.xctest; sourceTree = BUILT_PRODUCTS_DIR; };
		4922B3B31F72977700D2C10A /* DemoMenuUITests.swift */ = {isa = PBXFileReference; lastKnownFileType = sourcecode.swift; path = DemoMenuUITests.swift; sourceTree = "<group>"; };
		4922B3B51F72977700D2C10A /* Info.plist */ = {isa = PBXFileReference; lastKnownFileType = text.plist.xml; path = Info.plist; sourceTree = "<group>"; };
		4922B3C11F7297AB00D2C10A /* BaseViewController.swift */ = {isa = PBXFileReference; fileEncoding = 4; lastKnownFileType = sourcecode.swift; path = BaseViewController.swift; sourceTree = "<group>"; };
/* End PBXFileReference section */

/* Begin PBXFrameworksBuildPhase section */
		4922B38D1F72977700D2C10A /* Frameworks */ = {
			isa = PBXFrameworksBuildPhase;
			buildActionMask = 2147483647;
			files = (
			);
			runOnlyForDeploymentPostprocessing = 0;
		};
		4922B3A11F72977700D2C10A /* Frameworks */ = {
			isa = PBXFrameworksBuildPhase;
			buildActionMask = 2147483647;
			files = (
			);
			runOnlyForDeploymentPostprocessing = 0;
		};
		4922B3AC1F72977700D2C10A /* Frameworks */ = {
			isa = PBXFrameworksBuildPhase;
			buildActionMask = 2147483647;
			files = (
			);
			runOnlyForDeploymentPostprocessing = 0;
		};
/* End PBXFrameworksBuildPhase section */

/* Begin PBXGroup section */
		490032661F74D98A00CE417E /* RadiousMeter */ = {
			isa = PBXGroup;
			children = (
				490032671F74D98A00CE417E /* RadiousMeter.swift */,
				490032681F74D98A00CE417E /* RadiousMeter.xib */,
			);
			path = RadiousMeter;
			sourceTree = "<group>";
		};
		4900326D1F74E15100CE417E /* Resource */ = {
			isa = PBXGroup;
			children = (
				490032701F74E16700CE417E /* location_pin.png */,
				4900326E1F74E15100CE417E /* delambaz.gif */,
			);
			path = Resource;
			sourceTree = "<group>";
		};
		490BA61B1F73C8BE000B0C96 /* BaseVCSupportingViews */ = {
			isa = PBXGroup;
			children = (
				4900327A1F753EBB00CE417E /* BaseVCSupportingClasses.swift */,
				490BA61C1F73C8DE000B0C96 /* MenuButton.xib */,
				4900327C1F7541DC00CE417E /* MenuCell.xib */,
				490032781F753E7D00CE417E /* MenuCellHeader.xib */,
				490BA61D1F73C8DE000B0C96 /* MenuSlider.xib */,
			);
			path = BaseVCSupportingViews;
			sourceTree = "<group>";
		};
		4922B3871F72977700D2C10A = {
			isa = PBXGroup;
			children = (
				4922B3921F72977700D2C10A /* DemoMenu */,
				4922B3A71F72977700D2C10A /* DemoMenuTests */,
				4922B3B21F72977700D2C10A /* DemoMenuUITests */,
				4922B3911F72977700D2C10A /* Products */,
			);
			sourceTree = "<group>";
		};
		4922B3911F72977700D2C10A /* Products */ = {
			isa = PBXGroup;
			children = (
				4922B3901F72977700D2C10A /* DemoMenu.app */,
				4922B3A41F72977700D2C10A /* DemoMenuTests.xctest */,
				4922B3AF1F72977700D2C10A /* DemoMenuUITests.xctest */,
			);
			name = Products;
			sourceTree = "<group>";
		};
		4922B3921F72977700D2C10A /* DemoMenu */ = {
			isa = PBXGroup;
			children = (
				4922B3931F72977700D2C10A /* AppDelegate.swift */,
				4922B3C11F7297AB00D2C10A /* BaseViewController.swift */,
				490BA61B1F73C8BE000B0C96 /* BaseVCSupportingViews */,
				4922B3951F72977700D2C10A /* ViewController.swift */,
				490032721F75285700CE417E /* Listing.swift */,
				490032731F75285700CE417E /* Listing.xib */,
				490032761F752A3400CE417E /* ProductCell.xib */,
				490BA6201F73E75B000B0C96 /* CategoryFiles.swift */,
				4900326D1F74E15100CE417E /* Resource */,
				4922B3971F72977700D2C10A /* Main.storyboard */,
				490032661F74D98A00CE417E /* RadiousMeter */,
				4922B39A1F72977700D2C10A /* Assets.xcassets */,
				4922B39C1F72977700D2C10A /* LaunchScreen.storyboard */,
				4922B39F1F72977700D2C10A /* Info.plist */,
			);
			path = DemoMenu;
			sourceTree = "<group>";
		};
		4922B3A71F72977700D2C10A /* DemoMenuTests */ = {
			isa = PBXGroup;
			children = (
				4922B3A81F72977700D2C10A /* DemoMenuTests.swift */,
				4922B3AA1F72977700D2C10A /* Info.plist */,
			);
			path = DemoMenuTests;
			sourceTree = "<group>";
		};
		4922B3B21F72977700D2C10A /* DemoMenuUITests */ = {
			isa = PBXGroup;
			children = (
				4922B3B31F72977700D2C10A /* DemoMenuUITests.swift */,
				4922B3B51F72977700D2C10A /* Info.plist */,
			);
			path = DemoMenuUITests;
			sourceTree = "<group>";
		};
/* End PBXGroup section */

/* Begin PBXNativeTarget section */
		4922B38F1F72977700D2C10A /* DemoMenu */ = {
			isa = PBXNativeTarget;
			buildConfigurationList = 4922B3B81F72977700D2C10A /* Build configuration list for PBXNativeTarget "DemoMenu" */;
			buildPhases = (
				4922B38C1F72977700D2C10A /* Sources */,
				4922B38D1F72977700D2C10A /* Frameworks */,
				4922B38E1F72977700D2C10A /* Resources */,
			);
			buildRules = (
			);
			dependencies = (
			);
			name = DemoMenu;
			productName = DemoMenu;
			productReference = 4922B3901F72977700D2C10A /* DemoMenu.app */;
			productType = "com.apple.product-type.application";
		};
		4922B3A31F72977700D2C10A /* DemoMenuTests */ = {
			isa = PBXNativeTarget;
			buildConfigurationList = 4922B3BB1F72977700D2C10A /* Build configuration list for PBXNativeTarget "DemoMenuTests" */;
			buildPhases = (
				4922B3A01F72977700D2C10A /* Sources */,
				4922B3A11F72977700D2C10A /* Frameworks */,
				4922B3A21F72977700D2C10A /* Resources */,
			);
			buildRules = (
			);
			dependencies = (
				4922B3A61F72977700D2C10A /* PBXTargetDependency */,
			);
			name = DemoMenuTests;
			productName = DemoMenuTests;
			productReference = 4922B3A41F72977700D2C10A /* DemoMenuTests.xctest */;
			productType = "com.apple.product-type.bundle.unit-test";
		};
		4922B3AE1F72977700D2C10A /* DemoMenuUITests */ = {
			isa = PBXNativeTarget;
			buildConfigurationList = 4922B3BE1F72977700D2C10A /* Build configuration list for PBXNativeTarget "DemoMenuUITests" */;
			buildPhases = (
				4922B3AB1F72977700D2C10A /* Sources */,
				4922B3AC1F72977700D2C10A /* Frameworks */,
				4922B3AD1F72977700D2C10A /* Resources */,
			);
			buildRules = (
			);
			dependencies = (
				4922B3B11F72977700D2C10A /* PBXTargetDependency */,
			);
			name = DemoMenuUITests;
			productName = DemoMenuUITests;
			productReference = 4922B3AF1F72977700D2C10A /* DemoMenuUITests.xctest */;
			productType = "com.apple.product-type.bundle.ui-testing";
		};
/* End PBXNativeTarget section */

/* Begin PBXProject section */
		4922B3881F72977700D2C10A /* Project object */ = {
			isa = PBXProject;
			attributes = {
				LastSwiftUpdateCheck = 0830;
				LastUpgradeCheck = 0830;
				ORGANIZATIONNAME = "Techpro Studio";
				TargetAttributes = {
					4922B38F1F72977700D2C10A = {
						CreatedOnToolsVersion = 8.3.3;
						ProvisioningStyle = Automatic;
					};
					4922B3A31F72977700D2C10A = {
						CreatedOnToolsVersion = 8.3.3;
						ProvisioningStyle = Automatic;
						TestTargetID = 4922B38F1F72977700D2C10A;
					};
					4922B3AE1F72977700D2C10A = {
						CreatedOnToolsVersion = 8.3.3;
						ProvisioningStyle = Automatic;
						TestTargetID = 4922B38F1F72977700D2C10A;
					};
				};
			};
			buildConfigurationList = 4922B38B1F72977700D2C10A /* Build configuration list for PBXProject "DemoMenu" */;
			compatibilityVersion = "Xcode 3.2";
			developmentRegion = English;
			hasScannedForEncodings = 0;
			knownRegions = (
				en,
				Base,
			);
			mainGroup = 4922B3871F72977700D2C10A;
			productRefGroup = 4922B3911F72977700D2C10A /* Products */;
			projectDirPath = "";
			projectRoot = "";
			targets = (
				4922B38F1F72977700D2C10A /* DemoMenu */,
				4922B3A31F72977700D2C10A /* DemoMenuTests */,
				4922B3AE1F72977700D2C10A /* DemoMenuUITests */,
			);
		};
/* End PBXProject section */

/* Begin PBXResourcesBuildPhase section */
		4922B38E1F72977700D2C10A /* Resources */ = {
			isa = PBXResourcesBuildPhase;
			buildActionMask = 2147483647;
			files = (
				4900326F1F74E15100CE417E /* delambaz.gif in Resources */,
				4900326A1F74D98A00CE417E /* RadiousMeter.xib in Resources */,
				490032751F75285700CE417E /* Listing.xib in Resources */,
				4922B39E1F72977700D2C10A /* LaunchScreen.storyboard in Resources */,
				490BA61F1F73C8DE000B0C96 /* MenuSlider.xib in Resources */,
				490BA61E1F73C8DE000B0C96 /* MenuButton.xib in Resources */,
				4900327D1F7541DC00CE417E /* MenuCell.xib in Resources */,
				490032711F74E16700CE417E /* location_pin.png in Resources */,
				490032771F752A3400CE417E /* ProductCell.xib in Resources */,
				4922B39B1F72977700D2C10A /* Assets.xcassets in Resources */,
				490032791F753E7D00CE417E /* MenuCellHeader.xib in Resources */,
				4922B3991F72977700D2C10A /* Main.storyboard in Resources */,
			);
			runOnlyForDeploymentPostprocessing = 0;
		};
		4922B3A21F72977700D2C10A /* Resources */ = {
			isa = PBXResourcesBuildPhase;
			buildActionMask = 2147483647;
			files = (
			);
			runOnlyForDeploymentPostprocessing = 0;
		};
		4922B3AD1F72977700D2C10A /* Resources */ = {
			isa = PBXResourcesBuildPhase;
			buildActionMask = 2147483647;
			files = (
			);
			runOnlyForDeploymentPostprocessing = 0;
		};
/* End PBXResourcesBuildPhase section */

/* Begin PBXSourcesBuildPhase section */
		4922B38C1F72977700D2C10A /* Sources */ = {
			isa = PBXSourcesBuildPhase;
			buildActionMask = 2147483647;
			files = (
				4922B3961F72977700D2C10A /* ViewController.swift in Sources */,
				4922B3941F72977700D2C10A /* AppDelegate.swift in Sources */,
				4900327B1F753EBB00CE417E /* BaseVCSupportingClasses.swift in Sources */,
				4922B3C31F7297AB00D2C10A /* BaseViewController.swift in Sources */,
				490BA6211F73E75B000B0C96 /* CategoryFiles.swift in Sources */,
				490032741F75285700CE417E /* Listing.swift in Sources */,
				490032691F74D98A00CE417E /* RadiousMeter.swift in Sources */,
			);
			runOnlyForDeploymentPostprocessing = 0;
		};
		4922B3A01F72977700D2C10A /* Sources */ = {
			isa = PBXSourcesBuildPhase;
			buildActionMask = 2147483647;
			files = (
				4922B3A91F72977700D2C10A /* DemoMenuTests.swift in Sources */,
			);
			runOnlyForDeploymentPostprocessing = 0;
		};
		4922B3AB1F72977700D2C10A /* Sources */ = {
			isa = PBXSourcesBuildPhase;
			buildActionMask = 2147483647;
			files = (
				4922B3B41F72977700D2C10A /* DemoMenuUITests.swift in Sources */,
			);
			runOnlyForDeploymentPostprocessing = 0;
		};
/* End PBXSourcesBuildPhase section */

/* Begin PBXTargetDependency section */
		4922B3A61F72977700D2C10A /* PBXTargetDependency */ = {
			isa = PBXTargetDependency;
			target = 4922B38F1F72977700D2C10A /* DemoMenu */;
			targetProxy = 4922B3A51F72977700D2C10A /* PBXContainerItemProxy */;
		};
		4922B3B11F72977700D2C10A /* PBXTargetDependency */ = {
			isa = PBXTargetDependency;
			target = 4922B38F1F72977700D2C10A /* DemoMenu */;
			targetProxy = 4922B3B01F72977700D2C10A /* PBXContainerItemProxy */;
		};
/* End PBXTargetDependency section */

/* Begin PBXVariantGroup section */
		4922B3971F72977700D2C10A /* Main.storyboard */ = {
			isa = PBXVariantGroup;
			children = (
				4922B3981F72977700D2C10A /* Base */,
			);
			name = Main.storyboard;
			sourceTree = "<group>";
		};
		4922B39C1F72977700D2C10A /* LaunchScreen.storyboard */ = {
			isa = PBXVariantGroup;
			children = (
				4922B39D1F72977700D2C10A /* Base */,
			);
			name = LaunchScreen.storyboard;
			sourceTree = "<group>";
		};
/* End PBXVariantGroup section */

/* Begin XCBuildConfiguration section */
		4922B3B61F72977700D2C10A /* Debug */ = {
			isa = XCBuildConfiguration;
			buildSettings = {
				ALWAYS_SEARCH_USER_PATHS = NO;
				CLANG_ANALYZER_NONNULL = YES;
				CLANG_ANALYZER_NUMBER_OBJECT_CONVERSION = YES_AGGRESSIVE;
				CLANG_CXX_LANGUAGE_STANDARD = "gnu++0x";
				CLANG_CXX_LIBRARY = "libc++";
				CLANG_ENABLE_MODULES = YES;
				CLANG_ENABLE_OBJC_ARC = YES;
				CLANG_WARN_BOOL_CONVERSION = YES;
				CLANG_WARN_CONSTANT_CONVERSION = YES;
				CLANG_WARN_DIRECT_OBJC_ISA_USAGE = YES_ERROR;
				CLANG_WARN_DOCUMENTATION_COMMENTS = YES;
				CLANG_WARN_EMPTY_BODY = YES;
				CLANG_WARN_ENUM_CONVERSION = YES;
				CLANG_WARN_INFINITE_RECURSION = YES;
				CLANG_WARN_INT_CONVERSION = YES;
				CLANG_WARN_OBJC_ROOT_CLASS = YES_ERROR;
				CLANG_WARN_SUSPICIOUS_MOVE = YES;
				CLANG_WARN_UNREACHABLE_CODE = YES;
				CLANG_WARN__DUPLICATE_METHOD_MATCH = YES;
				"CODE_SIGN_IDENTITY[sdk=iphoneos*]" = "iPhone Developer";
				COPY_PHASE_STRIP = NO;
				DEBUG_INFORMATION_FORMAT = dwarf;
				ENABLE_STRICT_OBJC_MSGSEND = YES;
				ENABLE_TESTABILITY = YES;
				GCC_C_LANGUAGE_STANDARD = gnu99;
				GCC_DYNAMIC_NO_PIC = NO;
				GCC_NO_COMMON_BLOCKS = YES;
				GCC_OPTIMIZATION_LEVEL = 0;
				GCC_PREPROCESSOR_DEFINITIONS = (
					"DEBUG=1",
					"$(inherited)",
				);
				GCC_WARN_64_TO_32_BIT_CONVERSION = YES;
				GCC_WARN_ABOUT_RETURN_TYPE = YES_ERROR;
				GCC_WARN_UNDECLARED_SELECTOR = YES;
				GCC_WARN_UNINITIALIZED_AUTOS = YES_AGGRESSIVE;
				GCC_WARN_UNUSED_FUNCTION = YES;
				GCC_WARN_UNUSED_VARIABLE = YES;
				IPHONEOS_DEPLOYMENT_TARGET = 10.3;
				MTL_ENABLE_DEBUG_INFO = YES;
				ONLY_ACTIVE_ARCH = YES;
				SDKROOT = iphoneos;
				SWIFT_ACTIVE_COMPILATION_CONDITIONS = DEBUG;
				SWIFT_OPTIMIZATION_LEVEL = "-Onone";
			};
			name = Debug;
		};
		4922B3B71F72977700D2C10A /* Release */ = {
			isa = XCBuildConfiguration;
			buildSettings = {
				ALWAYS_SEARCH_USER_PATHS = NO;
				CLANG_ANALYZER_NONNULL = YES;
				CLANG_ANALYZER_NUMBER_OBJECT_CONVERSION = YES_AGGRESSIVE;
				CLANG_CXX_LANGUAGE_STANDARD = "gnu++0x";
				CLANG_CXX_LIBRARY = "libc++";
				CLANG_ENABLE_MODULES = YES;
				CLANG_ENABLE_OBJC_ARC = YES;
				CLANG_WARN_BOOL_CONVERSION = YES;
				CLANG_WARN_CONSTANT_CONVERSION = YES;
				CLANG_WARN_DIRECT_OBJC_ISA_USAGE = YES_ERROR;
				CLANG_WARN_DOCUMENTATION_COMMENTS = YES;
				CLANG_WARN_EMPTY_BODY = YES;
				CLANG_WARN_ENUM_CONVERSION = YES;
				CLANG_WARN_INFINITE_RECURSION = YES;
				CLANG_WARN_INT_CONVERSION = YES;
				CLANG_WARN_OBJC_ROOT_CLASS = YES_ERROR;
				CLANG_WARN_SUSPICIOUS_MOVE = YES;
				CLANG_WARN_UNREACHABLE_CODE = YES;
				CLANG_WARN__DUPLICATE_METHOD_MATCH = YES;
				"CODE_SIGN_IDENTITY[sdk=iphoneos*]" = "iPhone Developer";
				COPY_PHASE_STRIP = NO;
				DEBUG_INFORMATION_FORMAT = "dwarf-with-dsym";
				ENABLE_NS_ASSERTIONS = NO;
				ENABLE_STRICT_OBJC_MSGSEND = YES;
				GCC_C_LANGUAGE_STANDARD = gnu99;
				GCC_NO_COMMON_BLOCKS = YES;
				GCC_WARN_64_TO_32_BIT_CONVERSION = YES;
				GCC_WARN_ABOUT_RETURN_TYPE = YES_ERROR;
				GCC_WARN_UNDECLARED_SELECTOR = YES;
				GCC_WARN_UNINITIALIZED_AUTOS = YES_AGGRESSIVE;
				GCC_WARN_UNUSED_FUNCTION = YES;
				GCC_WARN_UNUSED_VARIABLE = YES;
				IPHONEOS_DEPLOYMENT_TARGET = 10.3;
				MTL_ENABLE_DEBUG_INFO = NO;
				SDKROOT = iphoneos;
				SWIFT_OPTIMIZATION_LEVEL = "-Owholemodule";
				VALIDATE_PRODUCT = YES;
			};
			name = Release;
		};
		4922B3B91F72977700D2C10A /* Debug */ = {
			isa = XCBuildConfiguration;
			buildSettings = {
				ASSETCATALOG_COMPILER_APPICON_NAME = AppIcon;
				INFOPLIST_FILE = DemoMenu/Info.plist;
				LD_RUNPATH_SEARCH_PATHS = "$(inherited) @executable_path/Frameworks";
				PRODUCT_BUNDLE_IDENTIFIER = techpro.DemoMenu;
				PRODUCT_NAME = "$(TARGET_NAME)";
				SWIFT_VERSION = 3.0;
			};
			name = Debug;
		};
		4922B3BA1F72977700D2C10A /* Release */ = {
			isa = XCBuildConfiguration;
			buildSettings = {
				ASSETCATALOG_COMPILER_APPICON_NAME = AppIcon;
				INFOPLIST_FILE = DemoMenu/Info.plist;
				LD_RUNPATH_SEARCH_PATHS = "$(inherited) @executable_path/Frameworks";
				PRODUCT_BUNDLE_IDENTIFIER = techpro.DemoMenu;
				PRODUCT_NAME = "$(TARGET_NAME)";
				SWIFT_VERSION = 3.0;
			};
			name = Release;
		};
		4922B3BC1F72977700D2C10A /* Debug */ = {
			isa = XCBuildConfiguration;
			buildSettings = {
				ALWAYS_EMBED_SWIFT_STANDARD_LIBRARIES = YES;
				BUNDLE_LOADER = "$(TEST_HOST)";
				INFOPLIST_FILE = DemoMenuTests/Info.plist;
				LD_RUNPATH_SEARCH_PATHS = "$(inherited) @executable_path/Frameworks @loader_path/Frameworks";
				PRODUCT_BUNDLE_IDENTIFIER = techpro.DemoMenuTests;
				PRODUCT_NAME = "$(TARGET_NAME)";
				SWIFT_VERSION = 3.0;
				TEST_HOST = "$(BUILT_PRODUCTS_DIR)/DemoMenu.app/DemoMenu";
			};
			name = Debug;
		};
		4922B3BD1F72977700D2C10A /* Release */ = {
			isa = XCBuildConfiguration;
			buildSettings = {
				ALWAYS_EMBED_SWIFT_STANDARD_LIBRARIES = YES;
				BUNDLE_LOADER = "$(TEST_HOST)";
				INFOPLIST_FILE = DemoMenuTests/Info.plist;
				LD_RUNPATH_SEARCH_PATHS = "$(inherited) @executable_path/Frameworks @loader_path/Frameworks";
				PRODUCT_BUNDLE_IDENTIFIER = techpro.DemoMenuTests;
				PRODUCT_NAME = "$(TARGET_NAME)";
				SWIFT_VERSION = 3.0;
				TEST_HOST = "$(BUILT_PRODUCTS_DIR)/DemoMenu.app/DemoMenu";
			};
			name = Release;
		};
		4922B3BF1F72977700D2C10A /* Debug */ = {
			isa = XCBuildConfiguration;
			buildSettings = {
				ALWAYS_EMBED_SWIFT_STANDARD_LIBRARIES = YES;
				INFOPLIST_FILE = DemoMenuUITests/Info.plist;
				LD_RUNPATH_SEARCH_PATHS = "$(inherited) @executable_path/Frameworks @loader_path/Frameworks";
				PRODUCT_BUNDLE_IDENTIFIER = techpro.DemoMenuUITests;
				PRODUCT_NAME = "$(TARGET_NAME)";
				SWIFT_VERSION = 3.0;
				TEST_TARGET_NAME = DemoMenu;
			};
			name = Debug;
		};
		4922B3C01F72977700D2C10A /* Release */ = {
			isa = XCBuildConfiguration;
			buildSettings = {
				ALWAYS_EMBED_SWIFT_STANDARD_LIBRARIES = YES;
				INFOPLIST_FILE = DemoMenuUITests/Info.plist;
				LD_RUNPATH_SEARCH_PATHS = "$(inherited) @executable_path/Frameworks @loader_path/Frameworks";
				PRODUCT_BUNDLE_IDENTIFIER = techpro.DemoMenuUITests;
				PRODUCT_NAME = "$(TARGET_NAME)";
				SWIFT_VERSION = 3.0;
				TEST_TARGET_NAME = DemoMenu;
			};
			name = Release;
		};
/* End XCBuildConfiguration section */

/* Begin XCConfigurationList section */
		4922B38B1F72977700D2C10A /* Build configuration list for PBXProject "DemoMenu" */ = {
			isa = XCConfigurationList;
			buildConfigurations = (
				4922B3B61F72977700D2C10A /* Debug */,
				4922B3B71F72977700D2C10A /* Release */,
			);
			defaultConfigurationIsVisible = 0;
			defaultConfigurationName = Release;
		};
		4922B3B81F72977700D2C10A /* Build configuration list for PBXNativeTarget "DemoMenu" */ = {
			isa = XCConfigurationList;
			buildConfigurations = (
				4922B3B91F72977700D2C10A /* Debug */,
				4922B3BA1F72977700D2C10A /* Release */,
			);
			defaultConfigurationIsVisible = 0;
			defaultConfigurationName = Release;
		};
		4922B3BB1F72977700D2C10A /* Build configuration list for PBXNativeTarget "DemoMenuTests" */ = {
			isa = XCConfigurationList;
			buildConfigurations = (
				4922B3BC1F72977700D2C10A /* Debug */,
				4922B3BD1F72977700D2C10A /* Release */,
			);
			defaultConfigurationIsVisible = 0;
			defaultConfigurationName = Release;
		};
		4922B3BE1F72977700D2C10A /* Build configuration list for PBXNativeTarget "DemoMenuUITests" */ = {
			isa = XCConfigurationList;
			buildConfigurations = (
				4922B3BF1F72977700D2C10A /* Debug */,
				4922B3C01F72977700D2C10A /* Release */,
			);
			defaultConfigurationIsVisible = 0;
			defaultConfigurationName = Release;
		};
/* End XCConfigurationList section */
	};
	rootObject = 4922B3881F72977700D2C10A /* Project object */;
}
